{
    "_meta": {
        "hash": {
            "sha256": "bcb67bf17402ee567e46b1bba868c76fa1841eeb2390ab1abe8ada8e84adafb5"
        },
        "pipfile-spec": 6,
        "requires": {
            "python_full_version": "3.11.4",
            "python_version": "3.11"
        },
        "sources": [
            {
                "name": "pypi",
                "url": "https://pypi.org/simple",
                "verify_ssl": true
            }
        ]
    },
    "default": {
        "libgravatar": {
            "hashes": [
                "sha256:05cf4f8dfefe995d09078cd3d747c8f04dcf17d6004fc7bb542049a55f2238d9",
                "sha256:f967619b38914e0f941e53387881005e43929814571103f6bbfa2afd75045e20"
            ],
            "index": "pypi",
            "version": "==1.0.4"
        }
    },
    "develop": {}
}
